
Microsoft Visual Studio Solution File, Format Version 12.00
# Visual Studio Version 17
VisualStudioVersion = 17.7.34018.315
MinimumVisualStudioVersion = 10.0.40219.1
Project("{9A19103F-16F7-4668-BE54-9A1E7A4F7556}") = "LevelsCompletionTracker.WebApi", "LevelsCompletionTracker.WebApi\LevelsCompletionTracker.WebApi.csproj", "{638B8034-F7C3-42CC-B56A-AF534E17C6D2}"
EndProject
Project("{9A19103F-16F7-4668-BE54-9A1E7A4F7556}") = "LevelsCompletionTracker.Core", "LevelsCompletionTracker.Core\LevelsCompletionTracker.Core.csproj", "{3B63AF7B-9346-495E-A3C1-336B6D6F8E7E}"
EndProject
Project("{54A90642-561A-4BB1-A94E-469ADEE60C69}") = "lct-frontend", "lct-frontend\lct-frontend.esproj", "{8AA644E8-7751-4A5C-A2BA-7E9EDBD46E08}"
EndProject
Project("{FAE04EC0-301F-11D3-BF4B-00C04F79EFBC}") = "LevelsCompletionTracker.Shared", "LevelsCompletionTracker.Shared\LevelsCompletionTracker.Shared.csproj", "{D448B180-C092-4DE8-BDD4-234BCAB4C1D2}"
EndProject
Project("{FAE04EC0-301F-11D3-BF4B-00C04F79EFBC}") = "LevelsCompletionTracker.Adapter", "LevelsCompletionTracker.Adapter\LevelsCompletionTracker.Adapter.csproj", "{F87FEB40-9FAE-4990-B994-20BA7A4BEC66}"
EndProject
Global
	GlobalSection(SolutionConfigurationPlatforms) = preSolution
		Debug|Any CPU = Debug|Any CPU
		Release|Any CPU = Release|Any CPU
	EndGlobalSection
	GlobalSection(ProjectConfigurationPlatforms) = postSolution
		{638B8034-F7C3-42CC-B56A-AF534E17C6D2}.Debug|Any CPU.ActiveCfg = Debug|Any CPU
		{638B8034-F7C3-42CC-B56A-AF534E17C6D2}.Debug|Any CPU.Build.0 = Debug|Any CPU
		{638B8034-F7C3-42CC-B56A-AF534E17C6D2}.Release|Any CPU.ActiveCfg = Release|Any CPU
		{638B8034-F7C3-42CC-B56A-AF534E17C6D2}.Release|Any CPU.Build.0 = Release|Any CPU
		{3B63AF7B-9346-495E-A3C1-336B6D6F8E7E}.Debug|Any CPU.ActiveCfg = Debug|Any CPU
		{3B63AF7B-9346-495E-A3C1-336B6D6F8E7E}.Debug|Any CPU.Build.0 = Debug|Any CPU
		{3B63AF7B-9346-495E-A3C1-336B6D6F8E7E}.Release|Any CPU.ActiveCfg = Release|Any CPU
		{3B63AF7B-9346-495E-A3C1-336B6D6F8E7E}.Release|Any CPU.Build.0 = Release|Any CPU
		{8AA644E8-7751-4A5C-A2BA-7E9EDBD46E08}.Debug|Any CPU.ActiveCfg = Debug|Any CPU
		{8AA644E8-7751-4A5C-A2BA-7E9EDBD46E08}.Debug|Any CPU.Build.0 = Debug|Any CPU
		{8AA644E8-7751-4A5C-A2BA-7E9EDBD46E08}.Debug|Any CPU.Deploy.0 = Debug|Any CPU
		{8AA644E8-7751-4A5C-A2BA-7E9EDBD46E08}.Release|Any CPU.ActiveCfg = Release|Any CPU
		{8AA644E8-7751-4A5C-A2BA-7E9EDBD46E08}.Release|Any CPU.Build.0 = Release|Any CPU
		{8AA644E8-7751-4A5C-A2BA-7E9EDBD46E08}.Release|Any CPU.Deploy.0 = Release|Any CPU
		{D448B180-C092-4DE8-BDD4-234BCAB4C1D2}.Debug|Any CPU.ActiveCfg = Debug|Any CPU
		{D448B180-C092-4DE8-BDD4-234BCAB4C1D2}.Debug|Any CPU.Build.0 = Debug|Any CPU
		{D448B180-C092-4DE8-BDD4-234BCAB4C1D2}.Release|Any CPU.ActiveCfg = Release|Any CPU
		{D448B180-C092-4DE8-BDD4-234BCAB4C1D2}.Release|Any CPU.Build.0 = Release|Any CPU
		{F87FEB40-9FAE-4990-B994-20BA7A4BEC66}.Debug|Any CPU.ActiveCfg = Debug|Any CPU
		{F87FEB40-9FAE-4990-B994-20BA7A4BEC66}.Debug|Any CPU.Build.0 = Debug|Any CPU
		{F87FEB40-9FAE-4990-B994-20BA7A4BEC66}.Release|Any CPU.ActiveCfg = Release|Any CPU
		{F87FEB40-9FAE-4990-B994-20BA7A4BEC66}.Release|Any CPU.Build.0 = Release|Any CPU
	EndGlobalSection
	GlobalSection(SolutionProperties) = preSolution
		HideSolutionNode = FALSE
	EndGlobalSection
	GlobalSection(ExtensibilityGlobals) = postSolution
		SolutionGuid = {2CF15870-737B-4843-924F-CCFD3943D3F0}
	EndGlobalSection
EndGlobal
